
Microsoft Visual Studio Solution File, Format Version 12.00
# Visual Studio Version 16
VisualStudioVersion = 16.0.31229.75
MinimumVisualStudioVersion = 10.0.40219.1
Project("{FAE04EC0-301F-11D3-BF4B-00C04F79EFBC}") = "OperadoresComparativoseLogicos", "OperadoresComparativoseLogicos\OperadoresComparativoseLogicos.csproj", "{444307F6-3EB9-40A4-BFF0-64C648B7E9C6}"
EndProject
Global
	GlobalSection(SolutionConfigurationPlatforms) = preSolution
		Debug|Any CPU = Debug|Any CPU
		Release|Any CPU = Release|Any CPU
	EndGlobalSection
	GlobalSection(ProjectConfigurationPlatforms) = postSolution
		{444307F6-3EB9-40A4-BFF0-64C648B7E9C6}.Debug|Any CPU.ActiveCfg = Debug|Any CPU
		{444307F6-3EB9-40A4-BFF0-64C648B7E9C6}.Debug|Any CPU.Build.0 = Debug|Any CPU
		{444307F6-3EB9-40A4-BFF0-64C648B7E9C6}.Release|Any CPU.ActiveCfg = Release|Any CPU
		{444307F6-3EB9-40A4-BFF0-64C648B7E9C6}.Release|Any CPU.Build.0 = Release|Any CPU
	EndGlobalSection
	GlobalSection(SolutionProperties) = preSolution
		HideSolutionNode = FALSE
	EndGlobalSection
	GlobalSection(ExtensibilityGlobals) = postSolution
		SolutionGuid = {F53C7889-5811-4EF6-84E9-E73BDE5A4691}
	EndGlobalSection
EndGlobal
