
Microsoft Visual Studio Solution File, Format Version 12.00
# Visual Studio Version 16
VisualStudioVersion = 16.0.31229.75
MinimumVisualStudioVersion = 10.0.40219.1
Project("{FAE04EC0-301F-11D3-BF4B-00C04F79EFBC}") = "MembrosEstaticos2", "MembrosEstaticos2.csproj", "{FBD14D3A-0066-4631-A518-4DF491E9809D}"
EndProject
Global
	GlobalSection(SolutionConfigurationPlatforms) = preSolution
		Debug|Any CPU = Debug|Any CPU
		Release|Any CPU = Release|Any CPU
	EndGlobalSection
	GlobalSection(ProjectConfigurationPlatforms) = postSolution
		{FBD14D3A-0066-4631-A518-4DF491E9809D}.Debug|Any CPU.ActiveCfg = Debug|Any CPU
		{FBD14D3A-0066-4631-A518-4DF491E9809D}.Debug|Any CPU.Build.0 = Debug|Any CPU
		{FBD14D3A-0066-4631-A518-4DF491E9809D}.Release|Any CPU.ActiveCfg = Release|Any CPU
		{FBD14D3A-0066-4631-A518-4DF491E9809D}.Release|Any CPU.Build.0 = Release|Any CPU
	EndGlobalSection
	GlobalSection(SolutionProperties) = preSolution
		HideSolutionNode = FALSE
	EndGlobalSection
	GlobalSection(ExtensibilityGlobals) = postSolution
		SolutionGuid = {DA9D6D50-D5D1-4BA8-883D-89EB9DB64704}
	EndGlobalSection
EndGlobal
