
Microsoft Visual Studio Solution File, Format Version 12.00
# Visual Studio Version 16
VisualStudioVersion = 16.0.31229.75
MinimumVisualStudioVersion = 10.0.40219.1
Project("{FAE04EC0-301F-11D3-BF4B-00C04F79EFBC}") = "ByteBank.SistemaAgencia", "ByteBank.SistemaAgencia\ByteBank.SistemaAgencia.csproj", "{A707B4A4-1FF9-43ED-9D5A-ADC6155BEAD8}"
EndProject
Project("{FAE04EC0-301F-11D3-BF4B-00C04F79EFBC}") = "ByteBank.Modelos", "ByteBank.Modelos\ByteBank.Modelos.csproj", "{8D7508FD-F1AE-426F-A9A9-188398106EE7}"
EndProject
Global
	GlobalSection(SolutionConfigurationPlatforms) = preSolution
		Debug|Any CPU = Debug|Any CPU
		Release|Any CPU = Release|Any CPU
	EndGlobalSection
	GlobalSection(ProjectConfigurationPlatforms) = postSolution
		{A707B4A4-1FF9-43ED-9D5A-ADC6155BEAD8}.Debug|Any CPU.ActiveCfg = Debug|Any CPU
		{A707B4A4-1FF9-43ED-9D5A-ADC6155BEAD8}.Debug|Any CPU.Build.0 = Debug|Any CPU
		{A707B4A4-1FF9-43ED-9D5A-ADC6155BEAD8}.Release|Any CPU.ActiveCfg = Release|Any CPU
		{A707B4A4-1FF9-43ED-9D5A-ADC6155BEAD8}.Release|Any CPU.Build.0 = Release|Any CPU
		{8D7508FD-F1AE-426F-A9A9-188398106EE7}.Debug|Any CPU.ActiveCfg = Debug|Any CPU
		{8D7508FD-F1AE-426F-A9A9-188398106EE7}.Debug|Any CPU.Build.0 = Debug|Any CPU
		{8D7508FD-F1AE-426F-A9A9-188398106EE7}.Release|Any CPU.ActiveCfg = Release|Any CPU
		{8D7508FD-F1AE-426F-A9A9-188398106EE7}.Release|Any CPU.Build.0 = Release|Any CPU
	EndGlobalSection
	GlobalSection(SolutionProperties) = preSolution
		HideSolutionNode = FALSE
	EndGlobalSection
	GlobalSection(ExtensibilityGlobals) = postSolution
		SolutionGuid = {912F296D-7B6C-4657-820C-FF0FC71AF56E}
	EndGlobalSection
EndGlobal
