
Microsoft Visual Studio Solution File, Format Version 12.00
# Visual Studio Version 16
VisualStudioVersion = 16.0.31229.75
MinimumVisualStudioVersion = 10.0.40219.1
Project("{FAE04EC0-301F-11D3-BF4B-00C04F79EFBC}") = "IfElse", "IfElse\IfElse.csproj", "{DB927C23-05CC-4814-81FF-9081D7571F03}"
EndProject
Global
	GlobalSection(SolutionConfigurationPlatforms) = preSolution
		Debug|Any CPU = Debug|Any CPU
		Release|Any CPU = Release|Any CPU
	EndGlobalSection
	GlobalSection(ProjectConfigurationPlatforms) = postSolution
		{DB927C23-05CC-4814-81FF-9081D7571F03}.Debug|Any CPU.ActiveCfg = Debug|Any CPU
		{DB927C23-05CC-4814-81FF-9081D7571F03}.Debug|Any CPU.Build.0 = Debug|Any CPU
		{DB927C23-05CC-4814-81FF-9081D7571F03}.Release|Any CPU.ActiveCfg = Release|Any CPU
		{DB927C23-05CC-4814-81FF-9081D7571F03}.Release|Any CPU.Build.0 = Release|Any CPU
	EndGlobalSection
	GlobalSection(SolutionProperties) = preSolution
		HideSolutionNode = FALSE
	EndGlobalSection
	GlobalSection(ExtensibilityGlobals) = postSolution
		SolutionGuid = {53852889-DE35-43EA-8C56-8A2AD100549F}
	EndGlobalSection
EndGlobal
