
Microsoft Visual Studio Solution File, Format Version 12.00
# Visual Studio Version 16
VisualStudioVersion = 16.0.31229.75
MinimumVisualStudioVersion = 10.0.40219.1
Project("{FAE04EC0-301F-11D3-BF4B-00C04F79EFBC}") = "TreinandoLinq", "TreinandoLinq\TreinandoLinq.csproj", "{8CDAE136-A21E-4174-807D-952807E61143}"
EndProject
Global
	GlobalSection(SolutionConfigurationPlatforms) = preSolution
		Debug|Any CPU = Debug|Any CPU
		Release|Any CPU = Release|Any CPU
	EndGlobalSection
	GlobalSection(ProjectConfigurationPlatforms) = postSolution
		{8CDAE136-A21E-4174-807D-952807E61143}.Debug|Any CPU.ActiveCfg = Debug|Any CPU
		{8CDAE136-A21E-4174-807D-952807E61143}.Debug|Any CPU.Build.0 = Debug|Any CPU
		{8CDAE136-A21E-4174-807D-952807E61143}.Release|Any CPU.ActiveCfg = Release|Any CPU
		{8CDAE136-A21E-4174-807D-952807E61143}.Release|Any CPU.Build.0 = Release|Any CPU
	EndGlobalSection
	GlobalSection(SolutionProperties) = preSolution
		HideSolutionNode = FALSE
	EndGlobalSection
	GlobalSection(ExtensibilityGlobals) = postSolution
		SolutionGuid = {0BC0D1EF-4D77-4B14-A823-25D00B6092BC}
	EndGlobalSection
EndGlobal
