
Microsoft Visual Studio Solution File, Format Version 12.00
# Visual Studio Version 16
VisualStudioVersion = 16.0.31229.75
MinimumVisualStudioVersion = 10.0.40219.1
Project("{FAE04EC0-301F-11D3-BF4B-00C04F79EFBC}") = "TratamentoDeExcecoes", "TratamentoDeExcecoes\TratamentoDeExcecoes.csproj", "{4C3D5370-B3E7-4A75-B19B-228A91AD3460}"
EndProject
Global
	GlobalSection(SolutionConfigurationPlatforms) = preSolution
		Debug|Any CPU = Debug|Any CPU
		Release|Any CPU = Release|Any CPU
	EndGlobalSection
	GlobalSection(ProjectConfigurationPlatforms) = postSolution
		{4C3D5370-B3E7-4A75-B19B-228A91AD3460}.Debug|Any CPU.ActiveCfg = Debug|Any CPU
		{4C3D5370-B3E7-4A75-B19B-228A91AD3460}.Debug|Any CPU.Build.0 = Debug|Any CPU
		{4C3D5370-B3E7-4A75-B19B-228A91AD3460}.Release|Any CPU.ActiveCfg = Release|Any CPU
		{4C3D5370-B3E7-4A75-B19B-228A91AD3460}.Release|Any CPU.Build.0 = Release|Any CPU
	EndGlobalSection
	GlobalSection(SolutionProperties) = preSolution
		HideSolutionNode = FALSE
	EndGlobalSection
	GlobalSection(ExtensibilityGlobals) = postSolution
		SolutionGuid = {CEABABE5-92E8-43B0-9A9A-085F6AF2D54A}
	EndGlobalSection
EndGlobal
