
Microsoft Visual Studio Solution File, Format Version 12.00
# Visual Studio Version 16
VisualStudioVersion = 16.0.31229.75
MinimumVisualStudioVersion = 10.0.40219.1
Project("{FAE04EC0-301F-11D3-BF4B-00C04F79EFBC}") = "ExemploUsandoClasse", "ExemploUsandoClasse.csproj", "{570B05EE-21C6-4F73-816A-ACEF46EEFD71}"
EndProject
Global
	GlobalSection(SolutionConfigurationPlatforms) = preSolution
		Debug|Any CPU = Debug|Any CPU
		Release|Any CPU = Release|Any CPU
	EndGlobalSection
	GlobalSection(ProjectConfigurationPlatforms) = postSolution
		{570B05EE-21C6-4F73-816A-ACEF46EEFD71}.Debug|Any CPU.ActiveCfg = Debug|Any CPU
		{570B05EE-21C6-4F73-816A-ACEF46EEFD71}.Debug|Any CPU.Build.0 = Debug|Any CPU
		{570B05EE-21C6-4F73-816A-ACEF46EEFD71}.Release|Any CPU.ActiveCfg = Release|Any CPU
		{570B05EE-21C6-4F73-816A-ACEF46EEFD71}.Release|Any CPU.Build.0 = Release|Any CPU
	EndGlobalSection
	GlobalSection(SolutionProperties) = preSolution
		HideSolutionNode = FALSE
	EndGlobalSection
	GlobalSection(ExtensibilityGlobals) = postSolution
		SolutionGuid = {CA9ED267-32C3-420A-AE3A-3E0EA45224E9}
	EndGlobalSection
EndGlobal
